
Microsoft Visual Studio Solution File, Format Version 12.00
# Visual Studio Version 16
VisualStudioVersion = 16.0.810.10
MinimumVisualStudioVersion = 10.0.40219.1
Project("{FAE04EC0-301F-11D3-BF4B-00C04F79EFBC}") = "MarsRoverMoveApp", "MarsRoverMoveApp\MarsRoverMoveApp.csproj", "{82257846-EFF7-49C8-B62D-19BF08530C59}"
EndProject
Project("{FAE04EC0-301F-11D3-BF4B-00C04F79EFBC}") = "MarsRoverMoveAppTest", "MarsRoverMoveAppTest\MarsRoverMoveAppTest.csproj", "{D78B4E0D-B3A7-420A-B5C4-BEDA381E5A2B}"
EndProject
Global
	GlobalSection(SolutionConfigurationPlatforms) = preSolution
		Debug|Any CPU = Debug|Any CPU
		Release|Any CPU = Release|Any CPU
	EndGlobalSection
	GlobalSection(ProjectConfigurationPlatforms) = postSolution
		{82257846-EFF7-49C8-B62D-19BF08530C59}.Debug|Any CPU.ActiveCfg = Debug|Any CPU
		{82257846-EFF7-49C8-B62D-19BF08530C59}.Debug|Any CPU.Build.0 = Debug|Any CPU
		{82257846-EFF7-49C8-B62D-19BF08530C59}.Release|Any CPU.ActiveCfg = Release|Any CPU
		{82257846-EFF7-49C8-B62D-19BF08530C59}.Release|Any CPU.Build.0 = Release|Any CPU
		{D78B4E0D-B3A7-420A-B5C4-BEDA381E5A2B}.Debug|Any CPU.ActiveCfg = Debug|Any CPU
		{D78B4E0D-B3A7-420A-B5C4-BEDA381E5A2B}.Debug|Any CPU.Build.0 = Debug|Any CPU
		{D78B4E0D-B3A7-420A-B5C4-BEDA381E5A2B}.Release|Any CPU.ActiveCfg = Release|Any CPU
		{D78B4E0D-B3A7-420A-B5C4-BEDA381E5A2B}.Release|Any CPU.Build.0 = Release|Any CPU
	EndGlobalSection
	GlobalSection(SolutionProperties) = preSolution
		HideSolutionNode = FALSE
	EndGlobalSection
	GlobalSection(ExtensibilityGlobals) = postSolution
		SolutionGuid = {FFBD328B-5A1C-4F60-A53B-48109561A545}
	EndGlobalSection
EndGlobal
